
Microsoft Visual Studio Solution File, Format Version 11.00
# Visual Studio 2010
Project("{FAE04EC0-301F-11D3-BF4B-00C04F79EFBC}") = "EmailValidation", "EmailValidation\EmailValidation.csproj", "{B03674D1-65A4-4A79-AAD1-0EA9781A3ED7}"
EndProject
Project("{FAE04EC0-301F-11D3-BF4B-00C04F79EFBC}") = "UnitTests", "UnitTests\UnitTests.csproj", "{31A3445A-98CD-4E01-AF72-E4A05B1E3D82}"
EndProject
Global
	GlobalSection(SolutionConfigurationPlatforms) = preSolution
		Debug|Any CPU = Debug|Any CPU
		Release|Any CPU = Release|Any CPU
	EndGlobalSection
	GlobalSection(ProjectConfigurationPlatforms) = postSolution
		{31A3445A-98CD-4E01-AF72-E4A05B1E3D82}.Debug|Any CPU.ActiveCfg = Debug|Any CPU
		{31A3445A-98CD-4E01-AF72-E4A05B1E3D82}.Debug|Any CPU.Build.0 = Debug|Any CPU
		{31A3445A-98CD-4E01-AF72-E4A05B1E3D82}.Release|Any CPU.ActiveCfg = Release|Any CPU
		{31A3445A-98CD-4E01-AF72-E4A05B1E3D82}.Release|Any CPU.Build.0 = Release|Any CPU
		{B03674D1-65A4-4A79-AAD1-0EA9781A3ED7}.Debug|Any CPU.ActiveCfg = Debug|Any CPU
		{B03674D1-65A4-4A79-AAD1-0EA9781A3ED7}.Debug|Any CPU.Build.0 = Debug|Any CPU
		{B03674D1-65A4-4A79-AAD1-0EA9781A3ED7}.Release|Any CPU.ActiveCfg = Release|Any CPU
		{B03674D1-65A4-4A79-AAD1-0EA9781A3ED7}.Release|Any CPU.Build.0 = Release|Any CPU
	EndGlobalSection
	GlobalSection(MonoDevelopProperties) = preSolution
		StartupItem = EmailValidation\EmailValidation.csproj
	EndGlobalSection
EndGlobal
