
Microsoft Visual Studio Solution File, Format Version 12.00
# Visual Studio Version 16
VisualStudioVersion = 16.0.30711.63
MinimumVisualStudioVersion = 10.0.40219.1
Project("{9A19103F-16F7-4668-BE54-9A1E7A4F7556}") = "EmailValidation", "EmailValidation\EmailValidation.csproj", "{DBF70E5A-3CC4-45B6-A54F-1CAC61D420DF}"
EndProject
Project("{9A19103F-16F7-4668-BE54-9A1E7A4F7556}") = "UnitTests", "UnitTests\UnitTests.csproj", "{1E605298-914B-41C0-8B84-FE135271C545}"
EndProject
Project("{2150E333-8FDC-42A3-9474-1A3956D46DE8}") = "Solution Items", "Solution Items", "{D63618AA-7EEF-44C4-A4A2-42D0E56C955D}"
	ProjectSection(SolutionItems) = preProject
		.editorconfig = .editorconfig
	EndProjectSection
EndProject
Global
	GlobalSection(SolutionConfigurationPlatforms) = preSolution
		Debug|Any CPU = Debug|Any CPU
		Release|Any CPU = Release|Any CPU
	EndGlobalSection
	GlobalSection(ProjectConfigurationPlatforms) = postSolution
		{DBF70E5A-3CC4-45B6-A54F-1CAC61D420DF}.Debug|Any CPU.ActiveCfg = Debug|Any CPU
		{DBF70E5A-3CC4-45B6-A54F-1CAC61D420DF}.Debug|Any CPU.Build.0 = Debug|Any CPU
		{DBF70E5A-3CC4-45B6-A54F-1CAC61D420DF}.Release|Any CPU.ActiveCfg = Release|Any CPU
		{DBF70E5A-3CC4-45B6-A54F-1CAC61D420DF}.Release|Any CPU.Build.0 = Release|Any CPU
		{1E605298-914B-41C0-8B84-FE135271C545}.Debug|Any CPU.ActiveCfg = Debug|Any CPU
		{1E605298-914B-41C0-8B84-FE135271C545}.Debug|Any CPU.Build.0 = Debug|Any CPU
		{1E605298-914B-41C0-8B84-FE135271C545}.Release|Any CPU.ActiveCfg = Release|Any CPU
		{1E605298-914B-41C0-8B84-FE135271C545}.Release|Any CPU.Build.0 = Release|Any CPU
	EndGlobalSection
	GlobalSection(SolutionProperties) = preSolution
		HideSolutionNode = FALSE
	EndGlobalSection
	GlobalSection(ExtensibilityGlobals) = postSolution
		SolutionGuid = {6D7A9907-AF61-41B9-928C-B5676F9D031C}
	EndGlobalSection
	GlobalSection(MonoDevelopProperties) = preSolution
		StartupItem = EmailValidation\EmailValidation.Net45.csproj
	EndGlobalSection
EndGlobal
